
Microsoft Visual Studio Solution File, Format Version 12.00
# Visual Studio Version 17
VisualStudioVersion = 17.8.34330.188
MinimumVisualStudioVersion = 10.0.40219.1
Project("{FAE04EC0-301F-11D3-BF4B-00C04F79EFBC}") = "WebApplication5", "WebApplication5.csproj", "{67495B8B-2143-4C5D-8D3D-7E23F2258CFA}"
EndProject
Global
	GlobalSection(SolutionConfigurationPlatforms) = preSolution
		Debug|Any CPU = Debug|Any CPU
		Release|Any CPU = Release|Any CPU
	EndGlobalSection
	GlobalSection(ProjectConfigurationPlatforms) = postSolution
		{67495B8B-2143-4C5D-8D3D-7E23F2258CFA}.Debug|Any CPU.ActiveCfg = Debug|Any CPU
		{67495B8B-2143-4C5D-8D3D-7E23F2258CFA}.Debug|Any CPU.Build.0 = Debug|Any CPU
		{67495B8B-2143-4C5D-8D3D-7E23F2258CFA}.Release|Any CPU.ActiveCfg = Release|Any CPU
		{67495B8B-2143-4C5D-8D3D-7E23F2258CFA}.Release|Any CPU.Build.0 = Release|Any CPU
	EndGlobalSection
	GlobalSection(SolutionProperties) = preSolution
		HideSolutionNode = FALSE
	EndGlobalSection
	GlobalSection(ExtensibilityGlobals) = postSolution
		SolutionGuid = {04295DBB-D1D2-420E-AA6E-3F6F1BA42235}
	EndGlobalSection
EndGlobal
